
Microsoft Visual Studio Solution File, Format Version 12.00
# Visual Studio Version 16
VisualStudioVersion = 16.0.35229.62
MinimumVisualStudioVersion = 10.0.40219.1
Project("{FAE04EC0-301F-11D3-BF4B-00C04F79EFBC}") = "Dolgozat_2024_10_07_SZB", "Dolgozat_2024_10_07_SZB\Dolgozat_2024_10_07_SZB.csproj", "{F16B46A2-5EA6-455B-959D-2675BC1009B7}"
EndProject
Global
	GlobalSection(SolutionConfigurationPlatforms) = preSolution
		Debug|Any CPU = Debug|Any CPU
		Release|Any CPU = Release|Any CPU
	EndGlobalSection
	GlobalSection(ProjectConfigurationPlatforms) = postSolution
		{F16B46A2-5EA6-455B-959D-2675BC1009B7}.Debug|Any CPU.ActiveCfg = Debug|Any CPU
		{F16B46A2-5EA6-455B-959D-2675BC1009B7}.Debug|Any CPU.Build.0 = Debug|Any CPU
		{F16B46A2-5EA6-455B-959D-2675BC1009B7}.Release|Any CPU.ActiveCfg = Release|Any CPU
		{F16B46A2-5EA6-455B-959D-2675BC1009B7}.Release|Any CPU.Build.0 = Release|Any CPU
	EndGlobalSection
	GlobalSection(SolutionProperties) = preSolution
		HideSolutionNode = FALSE
	EndGlobalSection
	GlobalSection(ExtensibilityGlobals) = postSolution
		SolutionGuid = {D3F1C2F9-2104-4629-ABCC-43C503AE72AB}
	EndGlobalSection
EndGlobal
