
Microsoft Visual Studio Solution File, Format Version 12.00
# Visual Studio Version 16
VisualStudioVersion = 16.0.35229.62
MinimumVisualStudioVersion = 10.0.40219.1
Project("{FAE04EC0-301F-11D3-BF4B-00C04F79EFBC}") = "Órai_Munka_2025_02_10", "Órai_Munka_2025_02_10\Órai_Munka_2025_02_10.csproj", "{B8F8341F-A5E7-428C-8B0C-044F6E4E3911}"
EndProject
Global
	GlobalSection(SolutionConfigurationPlatforms) = preSolution
		Debug|Any CPU = Debug|Any CPU
		Release|Any CPU = Release|Any CPU
	EndGlobalSection
	GlobalSection(ProjectConfigurationPlatforms) = postSolution
		{B8F8341F-A5E7-428C-8B0C-044F6E4E3911}.Debug|Any CPU.ActiveCfg = Debug|Any CPU
		{B8F8341F-A5E7-428C-8B0C-044F6E4E3911}.Debug|Any CPU.Build.0 = Debug|Any CPU
		{B8F8341F-A5E7-428C-8B0C-044F6E4E3911}.Release|Any CPU.ActiveCfg = Release|Any CPU
		{B8F8341F-A5E7-428C-8B0C-044F6E4E3911}.Release|Any CPU.Build.0 = Release|Any CPU
	EndGlobalSection
	GlobalSection(SolutionProperties) = preSolution
		HideSolutionNode = FALSE
	EndGlobalSection
	GlobalSection(ExtensibilityGlobals) = postSolution
		SolutionGuid = {611BB152-0377-4BDD-8540-9ACA77170206}
	EndGlobalSection
EndGlobal
