
Microsoft Visual Studio Solution File, Format Version 12.00
# Visual Studio Version 16
VisualStudioVersion = 16.0.35229.62
MinimumVisualStudioVersion = 10.0.40219.1
Project("{FAE04EC0-301F-11D3-BF4B-00C04F79EFBC}") = "Dolgozat_Szabó_Bence_2024_11_18", "Dolgozat_Szabó_Bence_2024_11_18\Dolgozat_Szabó_Bence_2024_11_18.csproj", "{B89FB12B-91E3-4F0B-9F52-D1284B00D867}"
EndProject
Global
	GlobalSection(SolutionConfigurationPlatforms) = preSolution
		Debug|Any CPU = Debug|Any CPU
		Release|Any CPU = Release|Any CPU
	EndGlobalSection
	GlobalSection(ProjectConfigurationPlatforms) = postSolution
		{B89FB12B-91E3-4F0B-9F52-D1284B00D867}.Debug|Any CPU.ActiveCfg = Debug|Any CPU
		{B89FB12B-91E3-4F0B-9F52-D1284B00D867}.Debug|Any CPU.Build.0 = Debug|Any CPU
		{B89FB12B-91E3-4F0B-9F52-D1284B00D867}.Release|Any CPU.ActiveCfg = Release|Any CPU
		{B89FB12B-91E3-4F0B-9F52-D1284B00D867}.Release|Any CPU.Build.0 = Release|Any CPU
	EndGlobalSection
	GlobalSection(SolutionProperties) = preSolution
		HideSolutionNode = FALSE
	EndGlobalSection
	GlobalSection(ExtensibilityGlobals) = postSolution
		SolutionGuid = {8DB0A54B-65B6-4E80-9E6D-3CFC0AE3FA02}
	EndGlobalSection
EndGlobal
