
Microsoft Visual Studio Solution File, Format Version 12.00
# Visual Studio Version 16
VisualStudioVersion = 16.0.35229.62
MinimumVisualStudioVersion = 10.0.40219.1
Project("{FAE04EC0-301F-11D3-BF4B-00C04F79EFBC}") = "wpf_2025_01_13", "wpf_2025_01_13\wpf_2025_01_13.csproj", "{E4211974-5E95-46A2-A0E1-44E84580DED2}"
EndProject
Global
	GlobalSection(SolutionConfigurationPlatforms) = preSolution
		Debug|Any CPU = Debug|Any CPU
		Release|Any CPU = Release|Any CPU
	EndGlobalSection
	GlobalSection(ProjectConfigurationPlatforms) = postSolution
		{E4211974-5E95-46A2-A0E1-44E84580DED2}.Debug|Any CPU.ActiveCfg = Debug|Any CPU
		{E4211974-5E95-46A2-A0E1-44E84580DED2}.Debug|Any CPU.Build.0 = Debug|Any CPU
		{E4211974-5E95-46A2-A0E1-44E84580DED2}.Release|Any CPU.ActiveCfg = Release|Any CPU
		{E4211974-5E95-46A2-A0E1-44E84580DED2}.Release|Any CPU.Build.0 = Release|Any CPU
	EndGlobalSection
	GlobalSection(SolutionProperties) = preSolution
		HideSolutionNode = FALSE
	EndGlobalSection
	GlobalSection(ExtensibilityGlobals) = postSolution
		SolutionGuid = {31734785-F83C-48C1-B66E-245BA706037D}
	EndGlobalSection
EndGlobal
