
Microsoft Visual Studio Solution File, Format Version 12.00
# Visual Studio Version 16
VisualStudioVersion = 16.0.35229.62
MinimumVisualStudioVersion = 10.0.40219.1
Project("{FAE04EC0-301F-11D3-BF4B-00C04F79EFBC}") = "kominált_valami", "kominált_valami\kominált_valami.csproj", "{1388439A-5E94-45CE-9EB9-A044B9DB101E}"
EndProject
Global
	GlobalSection(SolutionConfigurationPlatforms) = preSolution
		Debug|Any CPU = Debug|Any CPU
		Release|Any CPU = Release|Any CPU
	EndGlobalSection
	GlobalSection(ProjectConfigurationPlatforms) = postSolution
		{1388439A-5E94-45CE-9EB9-A044B9DB101E}.Debug|Any CPU.ActiveCfg = Debug|Any CPU
		{1388439A-5E94-45CE-9EB9-A044B9DB101E}.Debug|Any CPU.Build.0 = Debug|Any CPU
		{1388439A-5E94-45CE-9EB9-A044B9DB101E}.Release|Any CPU.ActiveCfg = Release|Any CPU
		{1388439A-5E94-45CE-9EB9-A044B9DB101E}.Release|Any CPU.Build.0 = Release|Any CPU
	EndGlobalSection
	GlobalSection(SolutionProperties) = preSolution
		HideSolutionNode = FALSE
	EndGlobalSection
	GlobalSection(ExtensibilityGlobals) = postSolution
		SolutionGuid = {08FABE77-786D-4DD9-8442-A7F0E9511AAD}
	EndGlobalSection
EndGlobal
