
Microsoft Visual Studio Solution File, Format Version 12.00
# Visual Studio Version 16
VisualStudioVersion = 16.0.34114.132
MinimumVisualStudioVersion = 10.0.40219.1
Project("{FAE04EC0-301F-11D3-BF4B-00C04F79EFBC}") = "241202_2", "241202_2\241202_2.csproj", "{77072E5D-410C-4C75-BF74-37D2DD0D810D}"
EndProject
Global
	GlobalSection(SolutionConfigurationPlatforms) = preSolution
		Debug|Any CPU = Debug|Any CPU
		Release|Any CPU = Release|Any CPU
	EndGlobalSection
	GlobalSection(ProjectConfigurationPlatforms) = postSolution
		{77072E5D-410C-4C75-BF74-37D2DD0D810D}.Debug|Any CPU.ActiveCfg = Debug|Any CPU
		{77072E5D-410C-4C75-BF74-37D2DD0D810D}.Debug|Any CPU.Build.0 = Debug|Any CPU
		{77072E5D-410C-4C75-BF74-37D2DD0D810D}.Release|Any CPU.ActiveCfg = Release|Any CPU
		{77072E5D-410C-4C75-BF74-37D2DD0D810D}.Release|Any CPU.Build.0 = Release|Any CPU
	EndGlobalSection
	GlobalSection(SolutionProperties) = preSolution
		HideSolutionNode = FALSE
	EndGlobalSection
	GlobalSection(ExtensibilityGlobals) = postSolution
		SolutionGuid = {1D6D624B-EFBD-4266-9FFC-BB450CE47799}
	EndGlobalSection
EndGlobal
