
Microsoft Visual Studio Solution File, Format Version 12.00
# Visual Studio Version 16
VisualStudioVersion = 16.0.34114.132
MinimumVisualStudioVersion = 10.0.40219.1
Project("{FAE04EC0-301F-11D3-BF4B-00C04F79EFBC}") = "250217_2", "250217_2\250217_2.csproj", "{936876CB-A12E-45C8-82BD-8F6C36243678}"
EndProject
Global
	GlobalSection(SolutionConfigurationPlatforms) = preSolution
		Debug|Any CPU = Debug|Any CPU
		Release|Any CPU = Release|Any CPU
	EndGlobalSection
	GlobalSection(ProjectConfigurationPlatforms) = postSolution
		{936876CB-A12E-45C8-82BD-8F6C36243678}.Debug|Any CPU.ActiveCfg = Debug|Any CPU
		{936876CB-A12E-45C8-82BD-8F6C36243678}.Debug|Any CPU.Build.0 = Debug|Any CPU
		{936876CB-A12E-45C8-82BD-8F6C36243678}.Release|Any CPU.ActiveCfg = Release|Any CPU
		{936876CB-A12E-45C8-82BD-8F6C36243678}.Release|Any CPU.Build.0 = Release|Any CPU
	EndGlobalSection
	GlobalSection(SolutionProperties) = preSolution
		HideSolutionNode = FALSE
	EndGlobalSection
	GlobalSection(ExtensibilityGlobals) = postSolution
		SolutionGuid = {8F2C537C-D191-4261-BD69-A4A384A6D46B}
	EndGlobalSection
EndGlobal
