
Microsoft Visual Studio Solution File, Format Version 12.00
# Visual Studio Version 16
VisualStudioVersion = 16.0.35229.62
MinimumVisualStudioVersion = 10.0.40219.1
Project("{FAE04EC0-301F-11D3-BF4B-00C04F79EFBC}") = "2025.02.03_órai_munka", "2025.02.03_órai_munka\2025.02.03_órai_munka.csproj", "{D593AF46-D9CB-4681-91F3-9339DEB76FC0}"
EndProject
Global
	GlobalSection(SolutionConfigurationPlatforms) = preSolution
		Debug|Any CPU = Debug|Any CPU
		Release|Any CPU = Release|Any CPU
	EndGlobalSection
	GlobalSection(ProjectConfigurationPlatforms) = postSolution
		{D593AF46-D9CB-4681-91F3-9339DEB76FC0}.Debug|Any CPU.ActiveCfg = Debug|Any CPU
		{D593AF46-D9CB-4681-91F3-9339DEB76FC0}.Debug|Any CPU.Build.0 = Debug|Any CPU
		{D593AF46-D9CB-4681-91F3-9339DEB76FC0}.Release|Any CPU.ActiveCfg = Release|Any CPU
		{D593AF46-D9CB-4681-91F3-9339DEB76FC0}.Release|Any CPU.Build.0 = Release|Any CPU
	EndGlobalSection
	GlobalSection(SolutionProperties) = preSolution
		HideSolutionNode = FALSE
	EndGlobalSection
	GlobalSection(ExtensibilityGlobals) = postSolution
		SolutionGuid = {17593F1D-C16B-48FD-A06C-C3F885BF6370}
	EndGlobalSection
EndGlobal
