
Microsoft Visual Studio Solution File, Format Version 12.00
# Visual Studio Version 16
VisualStudioVersion = 16.0.35229.62
MinimumVisualStudioVersion = 10.0.40219.1
Project("{FAE04EC0-301F-11D3-BF4B-00C04F79EFBC}") = "jelszo_2025.02.03", "jelszo_2025.02.03\jelszo_2025.02.03.csproj", "{2E2BBAF7-AFFF-4DB6-A9E8-7ECF25D0E8DA}"
EndProject
Global
	GlobalSection(SolutionConfigurationPlatforms) = preSolution
		Debug|Any CPU = Debug|Any CPU
		Release|Any CPU = Release|Any CPU
	EndGlobalSection
	GlobalSection(ProjectConfigurationPlatforms) = postSolution
		{2E2BBAF7-AFFF-4DB6-A9E8-7ECF25D0E8DA}.Debug|Any CPU.ActiveCfg = Debug|Any CPU
		{2E2BBAF7-AFFF-4DB6-A9E8-7ECF25D0E8DA}.Debug|Any CPU.Build.0 = Debug|Any CPU
		{2E2BBAF7-AFFF-4DB6-A9E8-7ECF25D0E8DA}.Release|Any CPU.ActiveCfg = Release|Any CPU
		{2E2BBAF7-AFFF-4DB6-A9E8-7ECF25D0E8DA}.Release|Any CPU.Build.0 = Release|Any CPU
	EndGlobalSection
	GlobalSection(SolutionProperties) = preSolution
		HideSolutionNode = FALSE
	EndGlobalSection
	GlobalSection(ExtensibilityGlobals) = postSolution
		SolutionGuid = {AC8F3910-6476-4AFB-A075-0B827209376C}
	EndGlobalSection
EndGlobal
