
Microsoft Visual Studio Solution File, Format Version 12.00
# Visual Studio Version 16
VisualStudioVersion = 16.0.35229.62
MinimumVisualStudioVersion = 10.0.40219.1
Project("{FAE04EC0-301F-11D3-BF4B-00C04F79EFBC}") = "2024_09_23_fugvenyek", "2024_09_23_fugvenyek\2024_09_23_fugvenyek.csproj", "{E2DBDF5D-6E70-46BF-9C53-ACB9DAF00CEC}"
EndProject
Global
	GlobalSection(SolutionConfigurationPlatforms) = preSolution
		Debug|Any CPU = Debug|Any CPU
		Release|Any CPU = Release|Any CPU
	EndGlobalSection
	GlobalSection(ProjectConfigurationPlatforms) = postSolution
		{E2DBDF5D-6E70-46BF-9C53-ACB9DAF00CEC}.Debug|Any CPU.ActiveCfg = Debug|Any CPU
		{E2DBDF5D-6E70-46BF-9C53-ACB9DAF00CEC}.Debug|Any CPU.Build.0 = Debug|Any CPU
		{E2DBDF5D-6E70-46BF-9C53-ACB9DAF00CEC}.Release|Any CPU.ActiveCfg = Release|Any CPU
		{E2DBDF5D-6E70-46BF-9C53-ACB9DAF00CEC}.Release|Any CPU.Build.0 = Release|Any CPU
	EndGlobalSection
	GlobalSection(SolutionProperties) = preSolution
		HideSolutionNode = FALSE
	EndGlobalSection
	GlobalSection(ExtensibilityGlobals) = postSolution
		SolutionGuid = {4C335428-4209-4AC5-AC35-91DC902AE0A5}
	EndGlobalSection
EndGlobal
